// !$*UTF8*$!
{
	archiveVersion = 1;
	classes = {
	};
	objectVersion = 46;
	objects = {

/* Begin PBXBuildFile section */
		A30432881FA77BA100625579 /* MonthItemSelectionDelegate.swift in Sources */ = {isa = PBXBuildFile; fileRef = A30432871FA77BA100625579 /* MonthItemSelectionDelegate.swift */; };
		A304328B1FA77C3F00625579 /* MonthItem.swift in Sources */ = {isa = PBXBuildFile; fileRef = A304328A1FA77C3F00625579 /* MonthItem.swift */; };
		A304328D1FA7893900625579 /* RecordsVC.swift in Sources */ = {isa = PBXBuildFile; fileRef = A304328C1FA7893900625579 /* RecordsVC.swift */; };
		A327CBCA1E807231006C6443 /* ReturnVisit+CoreDataClass.swift in Sources */ = {isa = PBXBuildFile; fileRef = A327CBC81E807231006C6443 /* ReturnVisit+CoreDataClass.swift */; };
		A327CBCB1E807231006C6443 /* ReturnVisit+CoreDataProperties.swift in Sources */ = {isa = PBXBuildFile; fileRef = A327CBC91E807231006C6443 /* ReturnVisit+CoreDataProperties.swift */; };
		A3463C1B1EA53515008BF798 /* ImageMaterialView.swift in Sources */ = {isa = PBXBuildFile; fileRef = A3463C1A1EA53515008BF798 /* ImageMaterialView.swift */; };
		A34778D01ED88FD300FD5191 /* Extensions.swift in Sources */ = {isa = PBXBuildFile; fileRef = A34778CF1ED88FD300FD5191 /* Extensions.swift */; };
		A34778D21ED8904E00FD5191 /* TimerViewModel.swift in Sources */ = {isa = PBXBuildFile; fileRef = A34778D11ED8904E00FD5191 /* TimerViewModel.swift */; };
		A351A85F1ECDE44A0004A395 /* MessageComposer.swift in Sources */ = {isa = PBXBuildFile; fileRef = A351A85E1ECDE44A0004A395 /* MessageComposer.swift */; };
		A36008B41EC37214000528E8 /* OpenMapsWithAddress.swift in Sources */ = {isa = PBXBuildFile; fileRef = A36008B31EC37214000528E8 /* OpenMapsWithAddress.swift */; };
		A365F7351EC0BAAA005AB2FC /* Unused Code.swift in Sources */ = {isa = PBXBuildFile; fileRef = A365F7341EC0BAAA005AB2FC /* Unused Code.swift */; };
		A365F7391EC0C603005AB2FC /* MonthYearPickerView.swift in Sources */ = {isa = PBXBuildFile; fileRef = A365F7381EC0C603005AB2FC /* MonthYearPickerView.swift */; };
		A36875041F99055D00059051 /* ViewController.swift in Sources */ = {isa = PBXBuildFile; fileRef = A36875031F99055D00059051 /* ViewController.swift */; };
		A36C4CFC1FA2B13D00AF8988 /* TableViewReturnVisitsVC.swift in Sources */ = {isa = PBXBuildFile; fileRef = A36C4CFB1FA2B13D00AF8988 /* TableViewReturnVisitsVC.swift */; };
		A37D90E61E78CEF500256DEE /* AppDelegate.swift in Sources */ = {isa = PBXBuildFile; fileRef = A37D90E51E78CEF500256DEE /* AppDelegate.swift */; };
		A37D90E81E78CEF500256DEE /* TimeTrackerVC.swift in Sources */ = {isa = PBXBuildFile; fileRef = A37D90E71E78CEF500256DEE /* TimeTrackerVC.swift */; };
		A37D90EB1E78CEF500256DEE /* Main.storyboard in Resources */ = {isa = PBXBuildFile; fileRef = A37D90E91E78CEF500256DEE /* Main.storyboard */; };
		A37D90ED1E78CEF500256DEE /* Assets.xcassets in Resources */ = {isa = PBXBuildFile; fileRef = A37D90EC1E78CEF500256DEE /* Assets.xcassets */; };
		A37D90F01E78CEF500256DEE /* LaunchScreen.storyboard in Resources */ = {isa = PBXBuildFile; fileRef = A37D90EE1E78CEF500256DEE /* LaunchScreen.storyboard */; };
		A37D91251E78D96000256DEE /* SettingsVC.swift in Sources */ = {isa = PBXBuildFile; fileRef = A37D91241E78D96000256DEE /* SettingsVC.swift */; };
		A37D912E1E78E1D200256DEE /* StopWatch.swift in Sources */ = {isa = PBXBuildFile; fileRef = A37D912D1E78E1D200256DEE /* StopWatch.swift */; };
		A38A9CE61FE445B8007EF13C /* GoogleService-Info.plist in Resources */ = {isa = PBXBuildFile; fileRef = A38A9CE51FE445B8007EF13C /* GoogleService-Info.plist */; };
		A38BC63E1F81814200BE140D /* RecordCollectionViewCell.swift in Sources */ = {isa = PBXBuildFile; fileRef = A38BC63D1F81814200BE140D /* RecordCollectionViewCell.swift */; };
		A38BC6401F8181C800BE140D /* RecordYearCollectionViewVC.swift in Sources */ = {isa = PBXBuildFile; fileRef = A38BC63F1F8181C800BE140D /* RecordYearCollectionViewVC.swift */; };
		A38BC6421F81903300BE140D /* YearPickerView.swift in Sources */ = {isa = PBXBuildFile; fileRef = A38BC6411F81903300BE140D /* YearPickerView.swift */; };
		A38BC6511F81A4AA00BE140D /* RecordMonthCollectionViewVC.swift in Sources */ = {isa = PBXBuildFile; fileRef = A38BC6501F81A4AA00BE140D /* RecordMonthCollectionViewVC.swift */; };
		A38D71321E80B594004780DB /* RecordsCell.swift in Sources */ = {isa = PBXBuildFile; fileRef = A38D71311E80B594004780DB /* RecordsCell.swift */; };
		A38D71351E80BD0B004780DB /* Records+CoreDataClass.swift in Sources */ = {isa = PBXBuildFile; fileRef = A38D71331E80BD0B004780DB /* Records+CoreDataClass.swift */; };
		A38D71361E80BD0B004780DB /* Records+CoreDataProperties.swift in Sources */ = {isa = PBXBuildFile; fileRef = A38D71341E80BD0B004780DB /* Records+CoreDataProperties.swift */; };
		A39481FA1EBFF96D00AF9ACB /* MonthSelectorVC.swift in Sources */ = {isa = PBXBuildFile; fileRef = A39481F81EBFF96D00AF9ACB /* MonthSelectorVC.swift */; };
		A39481FB1EBFF96D00AF9ACB /* MonthSelectorVC.xib in Resources */ = {isa = PBXBuildFile; fileRef = A39481F91EBFF96D00AF9ACB /* MonthSelectorVC.xib */; };
		A3ACB8AA1F41FADF009A1DCE /* DateExtension.swift in Sources */ = {isa = PBXBuildFile; fileRef = A3ACB8A91F41FADF009A1DCE /* DateExtension.swift */; };
		A3B4FBD81EBE10A200AC7A89 /* DarkMode.swift in Sources */ = {isa = PBXBuildFile; fileRef = A3B4FBD71EBE10A200AC7A89 /* DarkMode.swift */; };
		A3B7BC4A1E7F1E9400DB8EBF /* FieldMinistry.xcdatamodeld in Sources */ = {isa = PBXBuildFile; fileRef = A3B7BC481E7F1E9400DB8EBF /* FieldMinistry.xcdatamodeld */; };
		A3C61A101FA2A80E006BC101 /* TableViewRecordsVC.swift in Sources */ = {isa = PBXBuildFile; fileRef = A3C61A0F1FA2A80E006BC101 /* TableViewRecordsVC.swift */; };
		A3CE715B1E80A126003A5D8E /* CustomTextField.swift in Sources */ = {isa = PBXBuildFile; fileRef = A3CE715A1E80A126003A5D8E /* CustomTextField.swift */; };
		A3D0AEFA1FA2E2F3000BD65C /* TableViewControllerMonthVC.swift in Sources */ = {isa = PBXBuildFile; fileRef = A3D0AEF91FA2E2F3000BD65C /* TableViewControllerMonthVC.swift */; };
		A3D5C6141E85722500C9C9A8 /* CustomTextView.swift in Sources */ = {isa = PBXBuildFile; fileRef = A3D5C6131E85722500C9C9A8 /* CustomTextView.swift */; };
		A3D5C6161E858D5A00C9C9A8 /* RecordDetailsVC.swift in Sources */ = {isa = PBXBuildFile; fileRef = A3D5C6151E858D5A00C9C9A8 /* RecordDetailsVC.swift */; };
		A3DDEBC81E7B23DA00649B9B /* ReturnVisitDetailsVC.swift in Sources */ = {isa = PBXBuildFile; fileRef = A3DDEBC71E7B23DA00649B9B /* ReturnVisitDetailsVC.swift */; };
		A3EBAF431E7F706600699AC3 /* MaterialView.swift in Sources */ = {isa = PBXBuildFile; fileRef = A3EBAF421E7F706500699AC3 /* MaterialView.swift */; };
		A3EBAF471E7F721E00699AC3 /* ItemCell.swift in Sources */ = {isa = PBXBuildFile; fileRef = A3EBAF461E7F721E00699AC3 /* ItemCell.swift */; };
		A3EF2ADF1F75585A009205DA /* MonthVC.swift in Sources */ = {isa = PBXBuildFile; fileRef = A3EF2ADE1F75585A009205DA /* MonthVC.swift */; };
		C78FFF01BC71ADD7D68DAEB0 /* Pods_FieldMinistry.framework in Frameworks */ = {isa = PBXBuildFile; fileRef = 8233D432C20BC9E54EA04B20 /* Pods_FieldMinistry.framework */; };
/* End PBXBuildFile section */

/* Begin PBXCopyFilesBuildPhase section */
		A37D911E1E78CEF500256DEE /* Embed Watch Content */ = {
			isa = PBXCopyFilesBuildPhase;
			buildActionMask = 2147483647;
			dstPath = "$(CONTENTS_FOLDER_PATH)/Watch";
			dstSubfolderSpec = 16;
			files = (
			);
			name = "Embed Watch Content";
			runOnlyForDeploymentPostprocessing = 0;
		};
/* End PBXCopyFilesBuildPhase section */

/* Begin PBXFileReference section */
		7BA4D83BEFEAF11ABAC321C6 /* Pods-FieldMinistry.release.xcconfig */ = {isa = PBXFileReference; includeInIndex = 1; lastKnownFileType = text.xcconfig; name = "Pods-FieldMinistry.release.xcconfig"; path = "Pods/Target Support Files/Pods-FieldMinistry/Pods-FieldMinistry.release.xcconfig"; sourceTree = "<group>"; };
		8233D432C20BC9E54EA04B20 /* Pods_FieldMinistry.framework */ = {isa = PBXFileReference; explicitFileType = wrapper.framework; includeInIndex = 0; path = Pods_FieldMinistry.framework; sourceTree = BUILT_PRODUCTS_DIR; };
		A30432871FA77BA100625579 /* MonthItemSelectionDelegate.swift */ = {isa = PBXFileReference; lastKnownFileType = sourcecode.swift; path = MonthItemSelectionDelegate.swift; sourceTree = "<group>"; };
		A304328A1FA77C3F00625579 /* MonthItem.swift */ = {isa = PBXFileReference; lastKnownFileType = sourcecode.swift; path = MonthItem.swift; sourceTree = "<group>"; };
		A304328C1FA7893900625579 /* RecordsVC.swift */ = {isa = PBXFileReference; lastKnownFileType = sourcecode.swift; path = RecordsVC.swift; sourceTree = "<group>"; };
		A327CBC81E807231006C6443 /* ReturnVisit+CoreDataClass.swift */ = {isa = PBXFileReference; fileEncoding = 4; lastKnownFileType = sourcecode.swift; path = "ReturnVisit+CoreDataClass.swift"; sourceTree = "<group>"; };
		A327CBC91E807231006C6443 /* ReturnVisit+CoreDataProperties.swift */ = {isa = PBXFileReference; fileEncoding = 4; lastKnownFileType = sourcecode.swift; path = "ReturnVisit+CoreDataProperties.swift"; sourceTree = "<group>"; };
		A3463C1A1EA53515008BF798 /* ImageMaterialView.swift */ = {isa = PBXFileReference; fileEncoding = 4; lastKnownFileType = sourcecode.swift; path = ImageMaterialView.swift; sourceTree = "<group>"; };
		A34778CF1ED88FD300FD5191 /* Extensions.swift */ = {isa = PBXFileReference; fileEncoding = 4; lastKnownFileType = sourcecode.swift; path = Extensions.swift; sourceTree = "<group>"; };
		A34778D11ED8904E00FD5191 /* TimerViewModel.swift */ = {isa = PBXFileReference; fileEncoding = 4; lastKnownFileType = sourcecode.swift; path = TimerViewModel.swift; sourceTree = "<group>"; };
		A351A85E1ECDE44A0004A395 /* MessageComposer.swift */ = {isa = PBXFileReference; fileEncoding = 4; lastKnownFileType = sourcecode.swift; path = MessageComposer.swift; sourceTree = "<group>"; };
		A36008B31EC37214000528E8 /* OpenMapsWithAddress.swift */ = {isa = PBXFileReference; fileEncoding = 4; lastKnownFileType = sourcecode.swift; path = OpenMapsWithAddress.swift; sourceTree = "<group>"; };
		A365F7341EC0BAAA005AB2FC /* Unused Code.swift */ = {isa = PBXFileReference; fileEncoding = 4; lastKnownFileType = sourcecode.swift; path = "Unused Code.swift"; sourceTree = "<group>"; };
		A365F7381EC0C603005AB2FC /* MonthYearPickerView.swift */ = {isa = PBXFileReference; fileEncoding = 4; lastKnownFileType = sourcecode.swift; path = MonthYearPickerView.swift; sourceTree = "<group>"; };
		A36875031F99055D00059051 /* ViewController.swift */ = {isa = PBXFileReference; lastKnownFileType = sourcecode.swift; path = ViewController.swift; sourceTree = "<group>"; };
		A36C4CFB1FA2B13D00AF8988 /* TableViewReturnVisitsVC.swift */ = {isa = PBXFileReference; lastKnownFileType = sourcecode.swift; path = TableViewReturnVisitsVC.swift; sourceTree = "<group>"; };
		A37D90E21E78CEF500256DEE /* FieldMinistry.app */ = {isa = PBXFileReference; explicitFileType = wrapper.application; includeInIndex = 0; path = FieldMinistry.app; sourceTree = BUILT_PRODUCTS_DIR; };
		A37D90E51E78CEF500256DEE /* AppDelegate.swift */ = {isa = PBXFileReference; lastKnownFileType = sourcecode.swift; path = AppDelegate.swift; sourceTree = "<group>"; };
		A37D90E71E78CEF500256DEE /* TimeTrackerVC.swift */ = {isa = PBXFileReference; lastKnownFileType = sourcecode.swift; path = TimeTrackerVC.swift; sourceTree = "<group>"; };
		A37D90EA1E78CEF500256DEE /* Base */ = {isa = PBXFileReference; lastKnownFileType = file.storyboard; name = Base; path = Base.lproj/Main.storyboard; sourceTree = "<group>"; };
		A37D90EC1E78CEF500256DEE /* Assets.xcassets */ = {isa = PBXFileReference; lastKnownFileType = folder.assetcatalog; path = Assets.xcassets; sourceTree = "<group>"; };
		A37D90EF1E78CEF500256DEE /* Base */ = {isa = PBXFileReference; lastKnownFileType = file.storyboard; name = Base; path = Base.lproj/LaunchScreen.storyboard; sourceTree = "<group>"; };
		A37D90F11E78CEF500256DEE /* Info.plist */ = {isa = PBXFileReference; lastKnownFileType = text.plist.xml; path = Info.plist; sourceTree = "<group>"; };
		A37D91241E78D96000256DEE /* SettingsVC.swift */ = {isa = PBXFileReference; fileEncoding = 4; lastKnownFileType = sourcecode.swift; path = SettingsVC.swift; sourceTree = "<group>"; };
		A37D912D1E78E1D200256DEE /* StopWatch.swift */ = {isa = PBXFileReference; fileEncoding = 4; lastKnownFileType = sourcecode.swift; path = StopWatch.swift; sourceTree = "<group>"; };
		A38A9CE51FE445B8007EF13C /* GoogleService-Info.plist */ = {isa = PBXFileReference; fileEncoding = 4; lastKnownFileType = text.plist.xml; path = "GoogleService-Info.plist"; sourceTree = "<group>"; };
		A38BC63D1F81814200BE140D /* RecordCollectionViewCell.swift */ = {isa = PBXFileReference; lastKnownFileType = sourcecode.swift; path = RecordCollectionViewCell.swift; sourceTree = "<group>"; };
		A38BC63F1F8181C800BE140D /* RecordYearCollectionViewVC.swift */ = {isa = PBXFileReference; lastKnownFileType = sourcecode.swift; path = RecordYearCollectionViewVC.swift; sourceTree = "<group>"; };
		A38BC6411F81903300BE140D /* YearPickerView.swift */ = {isa = PBXFileReference; lastKnownFileType = sourcecode.swift; path = YearPickerView.swift; sourceTree = "<group>"; };
		A38BC6501F81A4AA00BE140D /* RecordMonthCollectionViewVC.swift */ = {isa = PBXFileReference; lastKnownFileType = sourcecode.swift; path = RecordMonthCollectionViewVC.swift; sourceTree = "<group>"; };
		A38D71311E80B594004780DB /* RecordsCell.swift */ = {isa = PBXFileReference; fileEncoding = 4; lastKnownFileType = sourcecode.swift; path = RecordsCell.swift; sourceTree = "<group>"; };
		A38D71331E80BD0B004780DB /* Records+CoreDataClass.swift */ = {isa = PBXFileReference; fileEncoding = 4; lastKnownFileType = sourcecode.swift; path = "Records+CoreDataClass.swift"; sourceTree = "<group>"; };
		A38D71341E80BD0B004780DB /* Records+CoreDataProperties.swift */ = {isa = PBXFileReference; fileEncoding = 4; lastKnownFileType = sourcecode.swift; path = "Records+CoreDataProperties.swift"; sourceTree = "<group>"; };
		A39481F81EBFF96D00AF9ACB /* MonthSelectorVC.swift */ = {isa = PBXFileReference; fileEncoding = 4; lastKnownFileType = sourcecode.swift; path = MonthSelectorVC.swift; sourceTree = "<group>"; };
		A39481F91EBFF96D00AF9ACB /* MonthSelectorVC.xib */ = {isa = PBXFileReference; fileEncoding = 4; lastKnownFileType = file.xib; path = MonthSelectorVC.xib; sourceTree = "<group>"; };
		A3ACB8A91F41FADF009A1DCE /* DateExtension.swift */ = {isa = PBXFileReference; fileEncoding = 4; lastKnownFileType = sourcecode.swift; path = DateExtension.swift; sourceTree = "<group>"; };
		A3B4FBD71EBE10A200AC7A89 /* DarkMode.swift */ = {isa = PBXFileReference; fileEncoding = 4; lastKnownFileType = sourcecode.swift; path = DarkMode.swift; sourceTree = "<group>"; };
		A3B7BC491E7F1E9400DB8EBF /* FieldMinistry.xcdatamodel */ = {isa = PBXFileReference; lastKnownFileType = wrapper.xcdatamodel; path = FieldMinistry.xcdatamodel; sourceTree = "<group>"; };
		A3C61A0F1FA2A80E006BC101 /* TableViewRecordsVC.swift */ = {isa = PBXFileReference; lastKnownFileType = sourcecode.swift; path = TableViewRecordsVC.swift; sourceTree = "<group>"; };
		A3CE715A1E80A126003A5D8E /* CustomTextField.swift */ = {isa = PBXFileReference; fileEncoding = 4; lastKnownFileType = sourcecode.swift; path = CustomTextField.swift; sourceTree = "<group>"; };
		A3D0AEF91FA2E2F3000BD65C /* TableViewControllerMonthVC.swift */ = {isa = PBXFileReference; lastKnownFileType = sourcecode.swift; path = TableViewControllerMonthVC.swift; sourceTree = "<group>"; };
		A3D5C6131E85722500C9C9A8 /* CustomTextView.swift */ = {isa = PBXFileReference; fileEncoding = 4; lastKnownFileType = sourcecode.swift; path = CustomTextView.swift; sourceTree = "<group>"; };
		A3D5C6151E858D5A00C9C9A8 /* RecordDetailsVC.swift */ = {isa = PBXFileReference; fileEncoding = 4; lastKnownFileType = sourcecode.swift; path = RecordDetailsVC.swift; sourceTree = "<group>"; };
		A3DDEBC71E7B23DA00649B9B /* ReturnVisitDetailsVC.swift */ = {isa = PBXFileReference; fileEncoding = 4; lastKnownFileType = sourcecode.swift; path = ReturnVisitDetailsVC.swift; sourceTree = "<group>"; };
		A3EBAF421E7F706500699AC3 /* MaterialView.swift */ = {isa = PBXFileReference; fileEncoding = 4; lastKnownFileType = sourcecode.swift; path = MaterialView.swift; sourceTree = "<group>"; };
		A3EBAF461E7F721E00699AC3 /* ItemCell.swift */ = {isa = PBXFileReference; fileEncoding = 4; lastKnownFileType = sourcecode.swift; path = ItemCell.swift; sourceTree = "<group>"; };
		A3EF2ADE1F75585A009205DA /* MonthVC.swift */ = {isa = PBXFileReference; lastKnownFileType = sourcecode.swift; path = MonthVC.swift; sourceTree = "<group>"; };
		C36664550B053E2F2DA577CF /* Pods-FieldMinistry.debug.xcconfig */ = {isa = PBXFileReference; includeInIndex = 1; lastKnownFileType = text.xcconfig; name = "Pods-FieldMinistry.debug.xcconfig"; path = "Pods/Target Support Files/Pods-FieldMinistry/Pods-FieldMinistry.debug.xcconfig"; sourceTree = "<group>"; };
/* End PBXFileReference section */

/* Begin PBXFrameworksBuildPhase section */
		A37D90DF1E78CEF500256DEE /* Frameworks */ = {
			isa = PBXFrameworksBuildPhase;
			buildActionMask = 2147483647;
			files = (
				C78FFF01BC71ADD7D68DAEB0 /* Pods_FieldMinistry.framework in Frameworks */,
			);
			runOnlyForDeploymentPostprocessing = 0;
		};
/* End PBXFrameworksBuildPhase section */

/* Begin PBXGroup section */
		9599DF497E1F3784D4003B4A /* Pods */ = {
			isa = PBXGroup;
			children = (
				C36664550B053E2F2DA577CF /* Pods-FieldMinistry.debug.xcconfig */,
				7BA4D83BEFEAF11ABAC321C6 /* Pods-FieldMinistry.release.xcconfig */,
			);
			name = Pods;
			sourceTree = "<group>";
		};
		A30432891FA77BEF00625579 /* Protocols */ = {
			isa = PBXGroup;
			children = (
				A30432871FA77BA100625579 /* MonthItemSelectionDelegate.swift */,
			);
			name = Protocols;
			sourceTree = "<group>";
		};
		A327CBDE1E80730F006C6443 /* Generated */ = {
			isa = PBXGroup;
			children = (
				A38D71341E80BD0B004780DB /* Records+CoreDataProperties.swift */,
				A327CBC91E807231006C6443 /* ReturnVisit+CoreDataProperties.swift */,
			);
			name = Generated;
			sourceTree = "<group>";
		};
		A37D90D91E78CEF500256DEE = {
			isa = PBXGroup;
			children = (
				A37D90E41E78CEF500256DEE /* FieldMinistry */,
				A37D90E31E78CEF500256DEE /* Products */,
				9599DF497E1F3784D4003B4A /* Pods */,
				FBB79C397717E969CAA87A92 /* Frameworks */,
			);
			sourceTree = "<group>";
		};
		A37D90E31E78CEF500256DEE /* Products */ = {
			isa = PBXGroup;
			children = (
				A37D90E21E78CEF500256DEE /* FieldMinistry.app */,
			);
			name = Products;
			sourceTree = "<group>";
		};
		A37D90E41E78CEF500256DEE /* FieldMinistry */ = {
			isa = PBXGroup;
			children = (
				A37D91271E78D97500256DEE /* Model */,
				A30432891FA77BEF00625579 /* Protocols */,
				A37D91281E78D97C00256DEE /* View */,
				A37D91261E78D96400256DEE /* Controllers */,
				A37D912A1E78D9A400256DEE /* Supporting Files */,
				A37D90E51E78CEF500256DEE /* AppDelegate.swift */,
				A38A9CE51FE445B8007EF13C /* GoogleService-Info.plist */,
				A3B7BC481E7F1E9400DB8EBF /* FieldMinistry.xcdatamodeld */,
				A37D90F11E78CEF500256DEE /* Info.plist */,
			);
			path = FieldMinistry;
			sourceTree = "<group>";
		};
		A37D91261E78D96400256DEE /* Controllers */ = {
			isa = PBXGroup;
			children = (
				A37D90E71E78CEF500256DEE /* TimeTrackerVC.swift */,
				A37D91241E78D96000256DEE /* SettingsVC.swift */,
				A38BC6431F81A07F00BE140D /* Record View Controllers */,
				A38BC64B1F81A14700BE140D /* Return Visit View Controllers */,
				A38BC6471F81A10900BE140D /* Month Selector Button (Deprecated) */,
			);
			name = Controllers;
			sourceTree = "<group>";
		};
		A37D91271E78D97500256DEE /* Model */ = {
			isa = PBXGroup;
			children = (
				A304328A1FA77C3F00625579 /* MonthItem.swift */,
				A34778D11ED8904E00FD5191 /* TimerViewModel.swift */,
				A3B4FBD71EBE10A200AC7A89 /* DarkMode.swift */,
				A38D71331E80BD0B004780DB /* Records+CoreDataClass.swift */,
				A327CBC81E807231006C6443 /* ReturnVisit+CoreDataClass.swift */,
				A327CBDE1E80730F006C6443 /* Generated */,
			);
			name = Model;
			sourceTree = "<group>";
		};
		A37D91281E78D97C00256DEE /* View */ = {
			isa = PBXGroup;
			children = (
				A37D90E91E78CEF500256DEE /* Main.storyboard */,
				A37D90EE1E78CEF500256DEE /* LaunchScreen.storyboard */,
				A36875031F99055D00059051 /* ViewController.swift */,
				A38BC64F1F81A34C00BE140D /* Table View Cells */,
				A38BC64E1F81A2CC00BE140D /* Custom Views */,
				A38BC64D1F81A2BD00BE140D /* Picker Views */,
			);
			name = View;
			sourceTree = "<group>";
		};
		A37D912A1E78D9A400256DEE /* Supporting Files */ = {
			isa = PBXGroup;
			children = (
				A38BC64C1F81A28600BE140D /* Unused Code */,
				A34778CF1ED88FD300FD5191 /* Extensions.swift */,
				A3ACB8A91F41FADF009A1DCE /* DateExtension.swift */,
				A37D90EC1E78CEF500256DEE /* Assets.xcassets */,
			);
			name = "Supporting Files";
			sourceTree = "<group>";
		};
		A38BC6431F81A07F00BE140D /* Record View Controllers */ = {
			isa = PBXGroup;
			children = (
				A38BC6441F81A09900BE140D /* Record Year VC */,
				A38BC6451F81A0A900BE140D /* Record Month VC */,
				A38BC6461F81A0CF00BE140D /* Record Details */,
			);
			name = "Record View Controllers";
			sourceTree = "<group>";
		};
		A38BC6441F81A09900BE140D /* Record Year VC */ = {
			isa = PBXGroup;
			children = (
				A38BC63F1F8181C800BE140D /* RecordYearCollectionViewVC.swift */,
			);
			name = "Record Year VC";
			sourceTree = "<group>";
		};
		A38BC6451F81A0A900BE140D /* Record Month VC */ = {
			isa = PBXGroup;
			children = (
				A38BC6501F81A4AA00BE140D /* RecordMonthCollectionViewVC.swift */,
				A3D0AEF91FA2E2F3000BD65C /* TableViewControllerMonthVC.swift */,
			);
			name = "Record Month VC";
			sourceTree = "<group>";
		};
		A38BC6461F81A0CF00BE140D /* Record Details */ = {
			isa = PBXGroup;
			children = (
				A3C61A0F1FA2A80E006BC101 /* TableViewRecordsVC.swift */,
				A304328C1FA7893900625579 /* RecordsVC.swift */,
				A3D5C6151E858D5A00C9C9A8 /* RecordDetailsVC.swift */,
			);
			name = "Record Details";
			sourceTree = "<group>";
		};
		A38BC6471F81A10900BE140D /* Month Selector Button (Deprecated) */ = {
			isa = PBXGroup;
			children = (
				A3EF2ADE1F75585A009205DA /* MonthVC.swift */,
				A39481F81EBFF96D00AF9ACB /* MonthSelectorVC.swift */,
				A39481F91EBFF96D00AF9ACB /* MonthSelectorVC.xib */,
			);
			name = "Month Selector Button (Deprecated)";
			sourceTree = "<group>";
		};
		A38BC64B1F81A14700BE140D /* Return Visit View Controllers */ = {
			isa = PBXGroup;
			children = (
				A36C4CFB1FA2B13D00AF8988 /* TableViewReturnVisitsVC.swift */,
				A3DDEBC71E7B23DA00649B9B /* ReturnVisitDetailsVC.swift */,
			);
			name = "Return Visit View Controllers";
			sourceTree = "<group>";
		};
		A38BC64C1F81A28600BE140D /* Unused Code */ = {
			isa = PBXGroup;
			children = (
				A37D912D1E78E1D200256DEE /* StopWatch.swift */,
				A36008B31EC37214000528E8 /* OpenMapsWithAddress.swift */,
				A365F7341EC0BAAA005AB2FC /* Unused Code.swift */,
			);
			name = "Unused Code";
			sourceTree = "<group>";
		};
		A38BC64D1F81A2BD00BE140D /* Picker Views */ = {
			isa = PBXGroup;
			children = (
				A365F7381EC0C603005AB2FC /* MonthYearPickerView.swift */,
				A38BC6411F81903300BE140D /* YearPickerView.swift */,
			);
			name = "Picker Views";
			sourceTree = "<group>";
		};
		A38BC64E1F81A2CC00BE140D /* Custom Views */ = {
			isa = PBXGroup;
			children = (
				A3463C1A1EA53515008BF798 /* ImageMaterialView.swift */,
				A3EBAF421E7F706500699AC3 /* MaterialView.swift */,
				A3CE715A1E80A126003A5D8E /* CustomTextField.swift */,
				A3D5C6131E85722500C9C9A8 /* CustomTextView.swift */,
				A351A85E1ECDE44A0004A395 /* MessageComposer.swift */,
			);
			name = "Custom Views";
			sourceTree = "<group>";
		};
		A38BC64F1F81A34C00BE140D /* Table View Cells */ = {
			isa = PBXGroup;
			children = (
				A3EBAF461E7F721E00699AC3 /* ItemCell.swift */,
				A38BC63D1F81814200BE140D /* RecordCollectionViewCell.swift */,
				A38D71311E80B594004780DB /* RecordsCell.swift */,
			);
			name = "Table View Cells";
			sourceTree = "<group>";
		};
		FBB79C397717E969CAA87A92 /* Frameworks */ = {
			isa = PBXGroup;
			children = (
				8233D432C20BC9E54EA04B20 /* Pods_FieldMinistry.framework */,
			);
			name = Frameworks;
			sourceTree = "<group>";
		};
/* End PBXGroup section */

/* Begin PBXNativeTarget section */
		A37D90E11E78CEF500256DEE /* FieldMinistry */ = {
			isa = PBXNativeTarget;
			buildConfigurationList = A37D911F1E78CEF500256DEE /* Build configuration list for PBXNativeTarget "FieldMinistry" */;
			buildPhases = (
				28AEAFB7352051DFAFB21B68 /* [CP] Check Pods Manifest.lock */,
				A37D90DE1E78CEF500256DEE /* Sources */,
				A37D90DF1E78CEF500256DEE /* Frameworks */,
				A37D90E01E78CEF500256DEE /* Resources */,
				A37D911E1E78CEF500256DEE /* Embed Watch Content */,
				06B31013279DF27A9D4D7F38 /* [CP] Embed Pods Frameworks */,
				A48E73AC9B8E99CC4CA8A893 /* [CP] Copy Pods Resources */,
			);
			buildRules = (
			);
			dependencies = (
			);
			name = FieldMinistry;
			productName = FieldMinistry;
			productReference = A37D90E21E78CEF500256DEE /* FieldMinistry.app */;
			productType = "com.apple.product-type.application";
		};
/* End PBXNativeTarget section */

/* Begin PBXProject section */
		A37D90DA1E78CEF500256DEE /* Project object */ = {
			isa = PBXProject;
			attributes = {
				LastSwiftUpdateCheck = 0820;
				LastUpgradeCheck = 0900;
				ORGANIZATIONNAME = "Jonathan Tsistinas";
				TargetAttributes = {
					A37D90E11E78CEF500256DEE = {
						CreatedOnToolsVersion = 8.2.1;
						DevelopmentTeam = KMTZDB3J22;
						LastSwiftMigration = 0900;
						ProvisioningStyle = Automatic;
					};
				};
			};
			buildConfigurationList = A37D90DD1E78CEF500256DEE /* Build configuration list for PBXProject "FieldMinistry" */;
			compatibilityVersion = "Xcode 3.2";
			developmentRegion = English;
			hasScannedForEncodings = 0;
			knownRegions = (
				en,
				Base,
			);
			mainGroup = A37D90D91E78CEF500256DEE;
			productRefGroup = A37D90E31E78CEF500256DEE /* Products */;
			projectDirPath = "";
			projectRoot = "";
			targets = (
				A37D90E11E78CEF500256DEE /* FieldMinistry */,
			);
		};
/* End PBXProject section */

/* Begin PBXResourcesBuildPhase section */
		A37D90E01E78CEF500256DEE /* Resources */ = {
			isa = PBXResourcesBuildPhase;
			buildActionMask = 2147483647;
			files = (
				A37D90F01E78CEF500256DEE /* LaunchScreen.storyboard in Resources */,
				A39481FB1EBFF96D00AF9ACB /* MonthSelectorVC.xib in Resources */,
				A38A9CE61FE445B8007EF13C /* GoogleService-Info.plist in Resources */,
				A37D90ED1E78CEF500256DEE /* Assets.xcassets in Resources */,
				A37D90EB1E78CEF500256DEE /* Main.storyboard in Resources */,
			);
			runOnlyForDeploymentPostprocessing = 0;
		};
/* End PBXResourcesBuildPhase section */

/* Begin PBXShellScriptBuildPhase section */
		06B31013279DF27A9D4D7F38 /* [CP] Embed Pods Frameworks */ = {
			isa = PBXShellScriptBuildPhase;
			buildActionMask = 2147483647;
			files = (
			);
			inputPaths = (
				"${SRCROOT}/Pods/Target Support Files/Pods-FieldMinistry/Pods-FieldMinistry-frameworks.sh",
				"${BUILT_PRODUCTS_DIR}/GoogleToolboxForMac/GoogleToolboxForMac.framework",
				"${BUILT_PRODUCTS_DIR}/PopupDialog/PopupDialog.framework",
				"${BUILT_PRODUCTS_DIR}/nanopb/nanopb.framework",
			);
			name = "[CP] Embed Pods Frameworks";
			outputPaths = (
				"${TARGET_BUILD_DIR}/${FRAMEWORKS_FOLDER_PATH}/GoogleToolboxForMac.framework",
				"${TARGET_BUILD_DIR}/${FRAMEWORKS_FOLDER_PATH}/PopupDialog.framework",
				"${TARGET_BUILD_DIR}/${FRAMEWORKS_FOLDER_PATH}/nanopb.framework",
			);
			runOnlyForDeploymentPostprocessing = 0;
			shellPath = /bin/sh;
			shellScript = "\"${SRCROOT}/Pods/Target Support Files/Pods-FieldMinistry/Pods-FieldMinistry-frameworks.sh\"\n";
			showEnvVarsInLog = 0;
		};
		28AEAFB7352051DFAFB21B68 /* [CP] Check Pods Manifest.lock */ = {
			isa = PBXShellScriptBuildPhase;
			buildActionMask = 2147483647;
			files = (
			);
			inputPaths = (
				"${PODS_PODFILE_DIR_PATH}/Podfile.lock",
				"${PODS_ROOT}/Manifest.lock",
			);
			name = "[CP] Check Pods Manifest.lock";
			outputPaths = (
				"$(DERIVED_FILE_DIR)/Pods-FieldMinistry-checkManifestLockResult.txt",
			);
			runOnlyForDeploymentPostprocessing = 0;
			shellPath = /bin/sh;
			shellScript = "diff \"${PODS_PODFILE_DIR_PATH}/Podfile.lock\" \"${PODS_ROOT}/Manifest.lock\" > /dev/null\nif [ $? != 0 ] ; then\n    # print error to STDERR\n    echo \"error: The sandbox is not in sync with the Podfile.lock. Run 'pod install' or update your CocoaPods installation.\" >&2\n    exit 1\nfi\n# This output is used by Xcode 'outputs' to avoid re-running this script phase.\necho \"SUCCESS\" > \"${SCRIPT_OUTPUT_FILE_0}\"\n";
			showEnvVarsInLog = 0;
		};
		A48E73AC9B8E99CC4CA8A893 /* [CP] Copy Pods Resources */ = {
			isa = PBXShellScriptBuildPhase;
			buildActionMask = 2147483647;
			files = (
			);
			inputPaths = (
			);
			name = "[CP] Copy Pods Resources";
			outputPaths = (
			);
			runOnlyForDeploymentPostprocessing = 0;
			shellPath = /bin/sh;
			shellScript = "\"${SRCROOT}/Pods/Target Support Files/Pods-FieldMinistry/Pods-FieldMinistry-resources.sh\"\n";
			showEnvVarsInLog = 0;
		};
/* End PBXShellScriptBuildPhase section */

/* Begin PBXSourcesBuildPhase section */
		A37D90DE1E78CEF500256DEE /* Sources */ = {
			isa = PBXSourcesBuildPhase;
			buildActionMask = 2147483647;
			files = (
				A38D71361E80BD0B004780DB /* Records+CoreDataProperties.swift in Sources */,
				A39481FA1EBFF96D00AF9ACB /* MonthSelectorVC.swift in Sources */,
				A38D71321E80B594004780DB /* RecordsCell.swift in Sources */,
				A3CE715B1E80A126003A5D8E /* CustomTextField.swift in Sources */,
				A38BC63E1F81814200BE140D /* RecordCollectionViewCell.swift in Sources */,
				A38D71351E80BD0B004780DB /* Records+CoreDataClass.swift in Sources */,
				A30432881FA77BA100625579 /* MonthItemSelectionDelegate.swift in Sources */,
				A3EF2ADF1F75585A009205DA /* MonthVC.swift in Sources */,
				A36C4CFC1FA2B13D00AF8988 /* TableViewReturnVisitsVC.swift in Sources */,
				A3D5C6161E858D5A00C9C9A8 /* RecordDetailsVC.swift in Sources */,
				A3D0AEFA1FA2E2F3000BD65C /* TableViewControllerMonthVC.swift in Sources */,
				A37D91251E78D96000256DEE /* SettingsVC.swift in Sources */,
				A34778D21ED8904E00FD5191 /* TimerViewModel.swift in Sources */,
				A327CBCA1E807231006C6443 /* ReturnVisit+CoreDataClass.swift in Sources */,
				A3EBAF431E7F706600699AC3 /* MaterialView.swift in Sources */,
				A3D5C6141E85722500C9C9A8 /* CustomTextView.swift in Sources */,
				A38BC6511F81A4AA00BE140D /* RecordMonthCollectionViewVC.swift in Sources */,
				A327CBCB1E807231006C6443 /* ReturnVisit+CoreDataProperties.swift in Sources */,
				A3ACB8AA1F41FADF009A1DCE /* DateExtension.swift in Sources */,
				A3B4FBD81EBE10A200AC7A89 /* DarkMode.swift in Sources */,
				A3EBAF471E7F721E00699AC3 /* ItemCell.swift in Sources */,
				A37D912E1E78E1D200256DEE /* StopWatch.swift in Sources */,
				A3DDEBC81E7B23DA00649B9B /* ReturnVisitDetailsVC.swift in Sources */,
				A36008B41EC37214000528E8 /* OpenMapsWithAddress.swift in Sources */,
				A3B7BC4A1E7F1E9400DB8EBF /* FieldMinistry.xcdatamodeld in Sources */,
				A304328D1FA7893900625579 /* RecordsVC.swift in Sources */,
				A3C61A101FA2A80E006BC101 /* TableViewRecordsVC.swift in Sources */,
				A351A85F1ECDE44A0004A395 /* MessageComposer.swift in Sources */,
				A37D90E81E78CEF500256DEE /* TimeTrackerVC.swift in Sources */,
				A36875041F99055D00059051 /* ViewController.swift in Sources */,
				A38BC6421F81903300BE140D /* YearPickerView.swift in Sources */,
				A34778D01ED88FD300FD5191 /* Extensions.swift in Sources */,
				A365F7391EC0C603005AB2FC /* MonthYearPickerView.swift in Sources */,
				A37D90E61E78CEF500256DEE /* AppDelegate.swift in Sources */,
				A304328B1FA77C3F00625579 /* MonthItem.swift in Sources */,
				A38BC6401F8181C800BE140D /* RecordYearCollectionViewVC.swift in Sources */,
				A365F7351EC0BAAA005AB2FC /* Unused Code.swift in Sources */,
				A3463C1B1EA53515008BF798 /* ImageMaterialView.swift in Sources */,
			);
			runOnlyForDeploymentPostprocessing = 0;
		};
/* End PBXSourcesBuildPhase section */

/* Begin PBXVariantGroup section */
		A37D90E91E78CEF500256DEE /* Main.storyboard */ = {
			isa = PBXVariantGroup;
			children = (
				A37D90EA1E78CEF500256DEE /* Base */,
			);
			name = Main.storyboard;
			sourceTree = "<group>";
		};
		A37D90EE1E78CEF500256DEE /* LaunchScreen.storyboard */ = {
			isa = PBXVariantGroup;
			children = (
				A37D90EF1E78CEF500256DEE /* Base */,
			);
			name = LaunchScreen.storyboard;
			sourceTree = "<group>";
		};
/* End PBXVariantGroup section */

/* Begin XCBuildConfiguration section */
		A37D91151E78CEF500256DEE /* Debug */ = {
			isa = XCBuildConfiguration;
			buildSettings = {
				ALWAYS_SEARCH_USER_PATHS = NO;
				CLANG_ANALYZER_NONNULL = YES;
				CLANG_CXX_LANGUAGE_STANDARD = "gnu++0x";
				CLANG_CXX_LIBRARY = "libc++";
				CLANG_ENABLE_MODULES = YES;
				CLANG_ENABLE_OBJC_ARC = YES;
				CLANG_WARN_BLOCK_CAPTURE_AUTORELEASING = YES;
				CLANG_WARN_BOOL_CONVERSION = YES;
				CLANG_WARN_COMMA = YES;
				CLANG_WARN_CONSTANT_CONVERSION = YES;
				CLANG_WARN_DIRECT_OBJC_ISA_USAGE = YES_ERROR;
				CLANG_WARN_DOCUMENTATION_COMMENTS = YES;
				CLANG_WARN_EMPTY_BODY = YES;
				CLANG_WARN_ENUM_CONVERSION = YES;
				CLANG_WARN_INFINITE_RECURSION = YES;
				CLANG_WARN_INT_CONVERSION = YES;
				CLANG_WARN_NON_LITERAL_NULL_CONVERSION = YES;
				CLANG_WARN_OBJC_LITERAL_CONVERSION = YES;
				CLANG_WARN_OBJC_ROOT_CLASS = YES_ERROR;
				CLANG_WARN_RANGE_LOOP_ANALYSIS = YES;
				CLANG_WARN_STRICT_PROTOTYPES = YES;
				CLANG_WARN_SUSPICIOUS_MOVE = YES;
				CLANG_WARN_UNREACHABLE_CODE = YES;
				CLANG_WARN__DUPLICATE_METHOD_MATCH = YES;
				"CODE_SIGN_IDENTITY[sdk=iphoneos*]" = "iPhone Developer";
				COPY_PHASE_STRIP = NO;
				DEBUG_INFORMATION_FORMAT = dwarf;
				ENABLE_STRICT_OBJC_MSGSEND = YES;
				ENABLE_TESTABILITY = YES;
				GCC_C_LANGUAGE_STANDARD = gnu99;
				GCC_DYNAMIC_NO_PIC = NO;
				GCC_NO_COMMON_BLOCKS = YES;
				GCC_OPTIMIZATION_LEVEL = 0;
				GCC_PREPROCESSOR_DEFINITIONS = (
					"DEBUG=1",
					"$(inherited)",
				);
				GCC_WARN_64_TO_32_BIT_CONVERSION = YES;
				GCC_WARN_ABOUT_RETURN_TYPE = YES_ERROR;
				GCC_WARN_UNDECLARED_SELECTOR = YES;
				GCC_WARN_UNINITIALIZED_AUTOS = YES_AGGRESSIVE;
				GCC_WARN_UNUSED_FUNCTION = YES;
				GCC_WARN_UNUSED_VARIABLE = YES;
				IPHONEOS_DEPLOYMENT_TARGET = 11.0;
				MTL_ENABLE_DEBUG_INFO = YES;
				ONLY_ACTIVE_ARCH = YES;
				SDKROOT = iphoneos;
				SWIFT_ACTIVE_COMPILATION_CONDITIONS = DEBUG;
				SWIFT_OPTIMIZATION_LEVEL = "-Onone";
				TARGETED_DEVICE_FAMILY = "1,2";
			};
			name = Debug;
		};
		A37D91161E78CEF500256DEE /* Release */ = {
			isa = XCBuildConfiguration;
			buildSettings = {
				ALWAYS_SEARCH_USER_PATHS = NO;
				CLANG_ANALYZER_NONNULL = YES;
				CLANG_CXX_LANGUAGE_STANDARD = "gnu++0x";
				CLANG_CXX_LIBRARY = "libc++";
				CLANG_ENABLE_MODULES = YES;
				CLANG_ENABLE_OBJC_ARC = YES;
				CLANG_WARN_BLOCK_CAPTURE_AUTORELEASING = YES;
				CLANG_WARN_BOOL_CONVERSION = YES;
				CLANG_WARN_COMMA = YES;
				CLANG_WARN_CONSTANT_CONVERSION = YES;
				CLANG_WARN_DIRECT_OBJC_ISA_USAGE = YES_ERROR;
				CLANG_WARN_DOCUMENTATION_COMMENTS = YES;
				CLANG_WARN_EMPTY_BODY = YES;
				CLANG_WARN_ENUM_CONVERSION = YES;
				CLANG_WARN_INFINITE_RECURSION = YES;
				CLANG_WARN_INT_CONVERSION = YES;
				CLANG_WARN_NON_LITERAL_NULL_CONVERSION = YES;
				CLANG_WARN_OBJC_LITERAL_CONVERSION = YES;
				CLANG_WARN_OBJC_ROOT_CLASS = YES_ERROR;
				CLANG_WARN_RANGE_LOOP_ANALYSIS = YES;
				CLANG_WARN_STRICT_PROTOTYPES = YES;
				CLANG_WARN_SUSPICIOUS_MOVE = YES;
				CLANG_WARN_UNREACHABLE_CODE = YES;
				CLANG_WARN__DUPLICATE_METHOD_MATCH = YES;
				"CODE_SIGN_IDENTITY[sdk=iphoneos*]" = "iPhone Developer";
				COPY_PHASE_STRIP = NO;
				DEBUG_INFORMATION_FORMAT = "dwarf-with-dsym";
				ENABLE_NS_ASSERTIONS = NO;
				ENABLE_STRICT_OBJC_MSGSEND = YES;
				GCC_C_LANGUAGE_STANDARD = gnu99;
				GCC_NO_COMMON_BLOCKS = YES;
				GCC_WARN_64_TO_32_BIT_CONVERSION = YES;
				GCC_WARN_ABOUT_RETURN_TYPE = YES_ERROR;
				GCC_WARN_UNDECLARED_SELECTOR = YES;
				GCC_WARN_UNINITIALIZED_AUTOS = YES_AGGRESSIVE;
				GCC_WARN_UNUSED_FUNCTION = YES;
				GCC_WARN_UNUSED_VARIABLE = YES;
				IPHONEOS_DEPLOYMENT_TARGET = 11.0;
				MTL_ENABLE_DEBUG_INFO = NO;
				SDKROOT = iphoneos;
				SWIFT_OPTIMIZATION_LEVEL = "-Owholemodule";
				TARGETED_DEVICE_FAMILY = "1,2";
				VALIDATE_PRODUCT = YES;
			};
			name = Release;
		};
		A37D91201E78CEF500256DEE /* Debug */ = {
			isa = XCBuildConfiguration;
			baseConfigurationReference = C36664550B053E2F2DA577CF /* Pods-FieldMinistry.debug.xcconfig */;
			buildSettings = {
				ASSETCATALOG_COMPILER_APPICON_NAME = AppIcon;
				DEVELOPMENT_TEAM = KMTZDB3J22;
				INFOPLIST_FILE = FieldMinistry/Info.plist;
				IPHONEOS_DEPLOYMENT_TARGET = 11.0;
				LD_RUNPATH_SEARCH_PATHS = "$(inherited) @executable_path/Frameworks";
				PRODUCT_BUNDLE_IDENTIFIER = com.Techinator.FieldMinistry;
				PRODUCT_NAME = "$(TARGET_NAME)";
				SWIFT_SWIFT3_OBJC_INFERENCE = Default;
				SWIFT_VERSION = 4.0;
			};
			name = Debug;
		};
		A37D91211E78CEF500256DEE /* Release */ = {
			isa = XCBuildConfiguration;
			baseConfigurationReference = 7BA4D83BEFEAF11ABAC321C6 /* Pods-FieldMinistry.release.xcconfig */;
			buildSettings = {
				ASSETCATALOG_COMPILER_APPICON_NAME = AppIcon;
				DEVELOPMENT_TEAM = KMTZDB3J22;
				INFOPLIST_FILE = FieldMinistry/Info.plist;
				IPHONEOS_DEPLOYMENT_TARGET = 11.0;
				LD_RUNPATH_SEARCH_PATHS = "$(inherited) @executable_path/Frameworks";
				PRODUCT_BUNDLE_IDENTIFIER = com.Techinator.FieldMinistry;
				PRODUCT_NAME = "$(TARGET_NAME)";
				SWIFT_SWIFT3_OBJC_INFERENCE = Default;
				SWIFT_VERSION = 4.0;
			};
			name = Release;
		};
/* End XCBuildConfiguration section */

/* Begin XCConfigurationList section */
		A37D90DD1E78CEF500256DEE /* Build configuration list for PBXProject "FieldMinistry" */ = {
			isa = XCConfigurationList;
			buildConfigurations = (
				A37D91151E78CEF500256DEE /* Debug */,
				A37D91161E78CEF500256DEE /* Release */,
			);
			defaultConfigurationIsVisible = 0;
			defaultConfigurationName = Release;
		};
		A37D911F1E78CEF500256DEE /* Build configuration list for PBXNativeTarget "FieldMinistry" */ = {
			isa = XCConfigurationList;
			buildConfigurations = (
				A37D91201E78CEF500256DEE /* Debug */,
				A37D91211E78CEF500256DEE /* Release */,
			);
			defaultConfigurationIsVisible = 0;
			defaultConfigurationName = Release;
		};
/* End XCConfigurationList section */

/* Begin XCVersionGroup section */
		A3B7BC481E7F1E9400DB8EBF /* FieldMinistry.xcdatamodeld */ = {
			isa = XCVersionGroup;
			children = (
				A3B7BC491E7F1E9400DB8EBF /* FieldMinistry.xcdatamodel */,
			);
			currentVersion = A3B7BC491E7F1E9400DB8EBF /* FieldMinistry.xcdatamodel */;
			path = FieldMinistry.xcdatamodeld;
			sourceTree = "<group>";
			versionGroupType = wrapper.xcdatamodel;
		};
/* End XCVersionGroup section */
	};
	rootObject = A37D90DA1E78CEF500256DEE /* Project object */;
}
